
Microsoft Visual Studio Solution File, Format Version 12.00
# Visual Studio 14
VisualStudioVersion = 14.0.25123.0
MinimumVisualStudioVersion = 10.0.40219.1
Project("{FAE04EC0-301F-11D3-BF4B-00C04F79EFBC}") = "WCFFileStorage", "WCFFileStorage\WCFFileStorage.csproj", "{5AC041D0-ABF6-4D4E-BF13-D5CD1796CB86}"
EndProject
Project("{FAE04EC0-301F-11D3-BF4B-00C04F79EFBC}") = "WindowsServiceFileStorage", "WindowsServiceFileStorage\WindowsServiceFileStorage.csproj", "{304EBCA9-E879-40DC-80A0-BAC378763B80}"
EndProject
Project("{FAE04EC0-301F-11D3-BF4B-00C04F79EFBC}") = "ClientFileStorage", "ClientFileStorage\ClientFileStorage.csproj", "{704B5EB4-FE33-485E-9514-F216C35403DB}"
	ProjectSection(ProjectDependencies) = postProject
		{5AC041D0-ABF6-4D4E-BF13-D5CD1796CB86} = {5AC041D0-ABF6-4D4E-BF13-D5CD1796CB86}
	EndProjectSection
EndProject
Global
	GlobalSection(SolutionConfigurationPlatforms) = preSolution
		Debug|Any CPU = Debug|Any CPU
		Release|Any CPU = Release|Any CPU
	EndGlobalSection
	GlobalSection(ProjectConfigurationPlatforms) = postSolution
		{5AC041D0-ABF6-4D4E-BF13-D5CD1796CB86}.Debug|Any CPU.ActiveCfg = Debug|Any CPU
		{5AC041D0-ABF6-4D4E-BF13-D5CD1796CB86}.Debug|Any CPU.Build.0 = Debug|Any CPU
		{5AC041D0-ABF6-4D4E-BF13-D5CD1796CB86}.Release|Any CPU.ActiveCfg = Release|Any CPU
		{5AC041D0-ABF6-4D4E-BF13-D5CD1796CB86}.Release|Any CPU.Build.0 = Release|Any CPU
		{304EBCA9-E879-40DC-80A0-BAC378763B80}.Debug|Any CPU.ActiveCfg = Debug|Any CPU
		{304EBCA9-E879-40DC-80A0-BAC378763B80}.Debug|Any CPU.Build.0 = Debug|Any CPU
		{304EBCA9-E879-40DC-80A0-BAC378763B80}.Release|Any CPU.ActiveCfg = Release|Any CPU
		{304EBCA9-E879-40DC-80A0-BAC378763B80}.Release|Any CPU.Build.0 = Release|Any CPU
		{704B5EB4-FE33-485E-9514-F216C35403DB}.Debug|Any CPU.ActiveCfg = Debug|Any CPU
		{704B5EB4-FE33-485E-9514-F216C35403DB}.Debug|Any CPU.Build.0 = Debug|Any CPU
		{704B5EB4-FE33-485E-9514-F216C35403DB}.Release|Any CPU.ActiveCfg = Release|Any CPU
		{704B5EB4-FE33-485E-9514-F216C35403DB}.Release|Any CPU.Build.0 = Release|Any CPU
	EndGlobalSection
	GlobalSection(SolutionProperties) = preSolution
		HideSolutionNode = FALSE
	EndGlobalSection
EndGlobal
